
Microsoft Visual Studio Solution File, Format Version 12.00
Project("{FAE04EC0-301F-11D3-BF4B-00C04F79EFBC}") = "practice-2", "practice-2.csproj", "{AC39EE08-1D5E-4E4B-B664-3A2820751D87}"
EndProject
Global
	GlobalSection(SolutionConfigurationPlatforms) = preSolution
		Debug|Any CPU = Debug|Any CPU
		Release|Any CPU = Release|Any CPU
	EndGlobalSection
	GlobalSection(ProjectConfigurationPlatforms) = postSolution
		{AC39EE08-1D5E-4E4B-B664-3A2820751D87}.Debug|Any CPU.ActiveCfg = Debug|Any CPU
		{AC39EE08-1D5E-4E4B-B664-3A2820751D87}.Debug|Any CPU.Build.0 = Debug|Any CPU
		{AC39EE08-1D5E-4E4B-B664-3A2820751D87}.Release|Any CPU.ActiveCfg = Release|Any CPU
		{AC39EE08-1D5E-4E4B-B664-3A2820751D87}.Release|Any CPU.Build.0 = Release|Any CPU
	EndGlobalSection
EndGlobal
